
Microsoft Visual Studio Solution File, Format Version 12.00
# Visual Studio Version 16
VisualStudioVersion = 16.0.31424.327
MinimumVisualStudioVersion = 10.0.40219.1
Project("{FAE04EC0-301F-11D3-BF4B-00C04F79EFBC}") = "MojeFinanse", "MojeFinanse.csproj", "{79A0756C-948D-410B-B989-CC97BB820FA0}"
EndProject
Project("{FAE04EC0-301F-11D3-BF4B-00C04F79EFBC}") = "DatowanieLibrary", "..\DatowanieLibrary\DatowanieLibrary.csproj", "{0464C716-279A-4250-9E02-4E0A0290F344}"
EndProject
Project("{FAE04EC0-301F-11D3-BF4B-00C04F79EFBC}") = "MenuWForms", "..\MenuWForms\MenuWForms.csproj", "{BD412736-D07F-48A9-AE0D-31FED32BD36D}"
EndProject
Global
	GlobalSection(SolutionConfigurationPlatforms) = preSolution
		Debug|Any CPU = Debug|Any CPU
		Release|Any CPU = Release|Any CPU
	EndGlobalSection
	GlobalSection(ProjectConfigurationPlatforms) = postSolution
		{79A0756C-948D-410B-B989-CC97BB820FA0}.Debug|Any CPU.ActiveCfg = Debug|Any CPU
		{79A0756C-948D-410B-B989-CC97BB820FA0}.Debug|Any CPU.Build.0 = Debug|Any CPU
		{79A0756C-948D-410B-B989-CC97BB820FA0}.Release|Any CPU.ActiveCfg = Release|Any CPU
		{79A0756C-948D-410B-B989-CC97BB820FA0}.Release|Any CPU.Build.0 = Release|Any CPU
		{0464C716-279A-4250-9E02-4E0A0290F344}.Debug|Any CPU.ActiveCfg = Debug|Any CPU
		{0464C716-279A-4250-9E02-4E0A0290F344}.Debug|Any CPU.Build.0 = Debug|Any CPU
		{0464C716-279A-4250-9E02-4E0A0290F344}.Release|Any CPU.ActiveCfg = Release|Any CPU
		{0464C716-279A-4250-9E02-4E0A0290F344}.Release|Any CPU.Build.0 = Release|Any CPU
		{BD412736-D07F-48A9-AE0D-31FED32BD36D}.Debug|Any CPU.ActiveCfg = Debug|Any CPU
		{BD412736-D07F-48A9-AE0D-31FED32BD36D}.Debug|Any CPU.Build.0 = Debug|Any CPU
		{BD412736-D07F-48A9-AE0D-31FED32BD36D}.Release|Any CPU.ActiveCfg = Release|Any CPU
		{BD412736-D07F-48A9-AE0D-31FED32BD36D}.Release|Any CPU.Build.0 = Release|Any CPU
	EndGlobalSection
	GlobalSection(SolutionProperties) = preSolution
		HideSolutionNode = FALSE
	EndGlobalSection
	GlobalSection(ExtensibilityGlobals) = postSolution
		SolutionGuid = {EE20B903-06BC-4A83-ABC5-B0390DD1E14D}
	EndGlobalSection
EndGlobal
